PODS:
  - FRMonthCalendarView (1.0.1)

DEPENDENCIES:
  - FRMonthCalendarView (from `../`)

EXTERNAL SOURCES:
  FRMonthCalendarView:
    :path: "../"

SPEC CHECKSUMS:
  FRMonthCalendarView: d882aaff5b71dbfc895981ac2d44f623531b1901

PODFILE CHECKSUM: 6285acdd57b2b3ef4e6498796a399b59c3b34562

COCOAPODS: 1.8.4
