PODS:
  - FRMonthCalendarView (0.1.6)

DEPENDENCIES:
  - FRMonthCalendarView (from `../`)

EXTERNAL SOURCES:
  FRMonthCalendarView:
    :path: "../"

SPEC CHECKSUMS:
  FRMonthCalendarView: 1cec4a74ab116c03ab27cad6e07555ef7955f797

PODFILE CHECKSUM: 6285acdd57b2b3ef4e6498796a399b59c3b34562

COCOAPODS: 1.8.4
