PODS:
  - FRMonthCalendarView (1.0.0)

DEPENDENCIES:
  - FRMonthCalendarView (from `../`)

EXTERNAL SOURCES:
  FRMonthCalendarView:
    :path: "../"

SPEC CHECKSUMS:
  FRMonthCalendarView: f792366af105cec87272696ba47559781b642e69

PODFILE CHECKSUM: 6285acdd57b2b3ef4e6498796a399b59c3b34562

COCOAPODS: 1.8.4
